// !$*UTF8*$!
{
	archiveVersion = 1;
	classes = {
	};
	objectVersion = 51;
	objects = {

/* Begin PBXBuildFile section */
		8489C730237902420001E56E /* GeneralTableViewCell.swift in Sources */ = {isa = PBXBuildFile; fileRef = 8489C72E237902420001E56E /* GeneralTableViewCell.swift */; };
		8489C731237902420001E56E /* GeneralTableViewCell.xib in Resources */ = {isa = PBXBuildFile; fileRef = 8489C72F237902420001E56E /* GeneralTableViewCell.xib */; };
		8489C735237903CA0001E56E /* UITable+Extension.swift in Sources */ = {isa = PBXBuildFile; fileRef = 8489C734237903CA0001E56E /* UITable+Extension.swift */; };
		8489C7382379047B0001E56E /* Constant.swift in Sources */ = {isa = PBXBuildFile; fileRef = 8489C7372379047B0001E56E /* Constant.swift */; };
		8489C77A23790AE10001E56E /* GLKit.framework in Frameworks */ = {isa = PBXBuildFile; fileRef = 8489C77923790AE10001E56E /* GLKit.framework */; };
		8489C77C23790AF70001E56E /* AssetsLibrary.framework in Frameworks */ = {isa = PBXBuildFile; fileRef = 8489C77B23790AF70001E56E /* AssetsLibrary.framework */; };
		84DB40B92378F50700841468 /* UIView+Extension.swift in Sources */ = {isa = PBXBuildFile; fileRef = 84DB40B82378F50700841468 /* UIView+Extension.swift */; };
		84DB40BE2378F67C00841468 /* PieCollectionViewCell.swift in Sources */ = {isa = PBXBuildFile; fileRef = 84DB40BC2378F67C00841468 /* PieCollectionViewCell.swift */; };
		84DB40BF2378F67C00841468 /* PieCollectionViewCell.xib in Resources */ = {isa = PBXBuildFile; fileRef = 84DB40BD2378F67C00841468 /* PieCollectionViewCell.xib */; };
		84DB40C32378F8DB00841468 /* CPUCollectionViewCell.swift in Sources */ = {isa = PBXBuildFile; fileRef = 84DB40C12378F8DB00841468 /* CPUCollectionViewCell.swift */; };
		84DB40C42378F8DB00841468 /* CPUCollectionViewCell.xib in Resources */ = {isa = PBXBuildFile; fileRef = 84DB40C22378F8DB00841468 /* CPUCollectionViewCell.xib */; };
		84DB41CA2378FCE100841468 /* HardcodedDeviceData.m in Sources */ = {isa = PBXBuildFile; fileRef = 84DB41692378FCE000841468 /* HardcodedDeviceData.m */; };
		84DB41CB2378FCE100841468 /* DeviceSpecificUI.m in Sources */ = {isa = PBXBuildFile; fileRef = 84DB416D2378FCE000841468 /* DeviceSpecificUI.m */; };
		84DB41CC2378FCE100841468 /* GPUInfo.m in Sources */ = {isa = PBXBuildFile; fileRef = 84DB416F2378FCE000841468 /* GPUInfo.m */; };
		84DB41CD2378FCE100841468 /* GPUInfoController.m in Sources */ = {isa = PBXBuildFile; fileRef = 84DB41722378FCE000841468 /* GPUInfoController.m */; };
		84DB41CE2378FCE100841468 /* LICENSE in Resources */ = {isa = PBXBuildFile; fileRef = 84DB41752378FCE000841468 /* LICENSE */; };
		84DB41CF2378FCE100841468 /* CHANGELOG in Resources */ = {isa = PBXBuildFile; fileRef = 84DB41762378FCE000841468 /* CHANGELOG */; };
		84DB41D02378FCE100841468 /* de.bitstadium.HockeySDK-iOS-3.5.0.docset in Resources */ = {isa = PBXBuildFile; fileRef = 84DB41772378FCE000841468 /* de.bitstadium.HockeySDK-iOS-3.5.0.docset */; };
		84DB41D12378FCE100841468 /* HockeySDKResources.bundle in Resources */ = {isa = PBXBuildFile; fileRef = 84DB417A2378FCE000841468 /* HockeySDKResources.bundle */; };
		84DB41D22378FCE100841468 /* HockeySDK.xcconfig in Resources */ = {isa = PBXBuildFile; fileRef = 84DB417B2378FCE000841468 /* HockeySDK.xcconfig */; };
		84DB41D32378FCE100841468 /* HockeySDK.framework in Frameworks */ = {isa = PBXBuildFile; fileRef = 84DB417C2378FCE000841468 /* HockeySDK.framework */; };
		84DB41D42378FCE100841468 /* CPULoad.m in Sources */ = {isa = PBXBuildFile; fileRef = 84DB41812378FCE000841468 /* CPULoad.m */; };
		84DB41D52378FCE100841468 /* CPUInfoController.m in Sources */ = {isa = PBXBuildFile; fileRef = 84DB41822378FCE000841468 /* CPUInfoController.m */; };
		84DB41D62378FCE100841468 /* CPULoadFilter.m in Sources */ = {isa = PBXBuildFile; fileRef = 84DB41832378FCE000841468 /* CPULoadFilter.m */; };
		84DB41D72378FCE100841468 /* CPUInfo.m in Sources */ = {isa = PBXBuildFile; fileRef = 84DB41842378FCE000841468 /* CPUInfo.m */; };
		84DB41D82378FCE100841468 /* ActiveConnection.m in Sources */ = {isa = PBXBuildFile; fileRef = 84DB41882378FCE000841468 /* ActiveConnection.m */; };
		84DB41D92378FCE100841468 /* NetworkInfoController.m in Sources */ = {isa = PBXBuildFile; fileRef = 84DB41892378FCE000841468 /* NetworkInfoController.m */; };
		84DB41DA2378FCE100841468 /* NetworkInfo.m in Sources */ = {isa = PBXBuildFile; fileRef = 84DB418A2378FCE000841468 /* NetworkInfo.m */; };
		84DB41DB2378FCE100841468 /* NetworkBandwidth.m in Sources */ = {isa = PBXBuildFile; fileRef = 84DB418B2378FCE000841468 /* NetworkBandwidth.m */; };
		84DB41DC2378FCE100841468 /* SystemMonitor.m in Sources */ = {isa = PBXBuildFile; fileRef = 84DB41912378FCE000841468 /* SystemMonitor.m */; };
		84DB41DD2378FCE100841468 /* libLumberjack.a in Frameworks */ = {isa = PBXBuildFile; fileRef = 84DB41982378FCE000841468 /* libLumberjack.a */; };
		84DB41DE2378FCE100841468 /* StorageInfo.m in Sources */ = {isa = PBXBuildFile; fileRef = 84DB419A2378FCE000841468 /* StorageInfo.m */; };
		84DB41DF2378FCE100841468 /* StorageInfoController.m in Sources */ = {isa = PBXBuildFile; fileRef = 84DB419D2378FCE000841468 /* StorageInfoController.m */; };
		84DB41E02378FCE100841468 /* GLDataLine.m in Sources */ = {isa = PBXBuildFile; fileRef = 84DB41A22378FCE000841468 /* GLDataLine.m */; };
		84DB41E12378FCE100841468 /* GLLineGraph.m in Sources */ = {isa = PBXBuildFile; fileRef = 84DB41A32378FCE000841468 /* GLLineGraph.m */; };
		84DB41E22378FCE100841468 /* GLEffect.m in Sources */ = {isa = PBXBuildFile; fileRef = 84DB41A72378FCE000841468 /* GLEffect.m */; };
		84DB41E32378FCE100841468 /* GLCommon.m in Sources */ = {isa = PBXBuildFile; fileRef = 84DB41A82378FCE000841468 /* GLCommon.m */; };
		84DB41E42378FCE100841468 /* GLBubbleEffect.vsh in Resources */ = {isa = PBXBuildFile; fileRef = 84DB41AB2378FCE000841468 /* GLBubbleEffect.vsh */; };
		84DB41E52378FCE100841468 /* GLBubbleEffect.fsh in Resources */ = {isa = PBXBuildFile; fileRef = 84DB41AD2378FCE000841468 /* GLBubbleEffect.fsh */; };
		84DB41E62378FCE100841468 /* GLBubbleEffect.m in Sources */ = {isa = PBXBuildFile; fileRef = 84DB41AE2378FCE000841468 /* GLBubbleEffect.m */; };
		84DB41E72378FCE100841468 /* GLTube.m in Sources */ = {isa = PBXBuildFile; fileRef = 84DB41B02378FCE000841468 /* GLTube.m */; };
		84DB41E82378FCE100841468 /* AMUtils.m in Sources */ = {isa = PBXBuildFile; fileRef = 84DB41B12378FCE000841468 /* AMUtils.m */; };
		84DB41E92378FCE100841468 /* DeviceInfoController.m in Sources */ = {isa = PBXBuildFile; fileRef = 84DB41B52378FCE000841468 /* DeviceInfoController.m */; };
		84DB41EA2378FCE100841468 /* DeviceInfo.m in Sources */ = {isa = PBXBuildFile; fileRef = 84DB41B62378FCE000841468 /* DeviceInfo.m */; };
		84DB41EB2378FCE100841468 /* AMLogger.m in Sources */ = {isa = PBXBuildFile; fileRef = 84DB41B72378FCE000841468 /* AMLogger.m */; };
		84DB41EC2378FCE100841468 /* BatteryInfo.m in Sources */ = {isa = PBXBuildFile; fileRef = 84DB41BB2378FCE000841468 /* BatteryInfo.m */; };
		84DB41ED2378FCE100841468 /* BatteryInfoController.m in Sources */ = {isa = PBXBuildFile; fileRef = 84DB41BC2378FCE000841468 /* BatteryInfoController.m */; };
		84DB41EE2378FCE100841468 /* RAMInfo.m in Sources */ = {isa = PBXBuildFile; fileRef = 84DB41C12378FCE000841468 /* RAMInfo.m */; };
		84DB41EF2378FCE100841468 /* RAMUsage.m in Sources */ = {isa = PBXBuildFile; fileRef = 84DB41C22378FCE000841468 /* RAMUsage.m */; };
		84DB41F02378FCE100841468 /* RAMInfoController.m in Sources */ = {isa = PBXBuildFile; fileRef = 84DB41C32378FCE000841468 /* RAMInfoController.m */; };
		84DB41F12378FCE100841468 /* ProcessInfo.m in Sources */ = {isa = PBXBuildFile; fileRef = 84DB41C52378FCE000841468 /* ProcessInfo.m */; };
		84DB41F22378FCE100841468 /* ProcessInfoController.m in Sources */ = {isa = PBXBuildFile; fileRef = 84DB41C62378FCE000841468 /* ProcessInfoController.m */; };
		84DB41F62379004500841468 /* GeneralCollectionViewCell.swift in Sources */ = {isa = PBXBuildFile; fileRef = 84DB41F42379004500841468 /* GeneralCollectionViewCell.swift */; };
		84DB41F72379004500841468 /* GeneralCollectionViewCell.xib in Resources */ = {isa = PBXBuildFile; fileRef = 84DB41F52379004500841468 /* GeneralCollectionViewCell.xib */; };
		84ED17BE237918A90061858B /* BatteryTableViewCell.swift in Sources */ = {isa = PBXBuildFile; fileRef = 84ED17BC237918A90061858B /* BatteryTableViewCell.swift */; };
		84ED17BF237918A90061858B /* BatteryTableViewCell.xib in Resources */ = {isa = PBXBuildFile; fileRef = 84ED17BD237918A90061858B /* BatteryTableViewCell.xib */; };
		84ED17C4237921DB0061858B /* MemoryTableViewCell.swift in Sources */ = {isa = PBXBuildFile; fileRef = 84ED17C2237921DB0061858B /* MemoryTableViewCell.swift */; };
		84ED17C5237921DB0061858B /* MemoryTableViewCell.xib in Resources */ = {isa = PBXBuildFile; fileRef = 84ED17C3237921DB0061858B /* MemoryTableViewCell.xib */; };
		DB9BE0902378636000DCBAAB /* AppDelegate.swift in Sources */ = {isa = PBXBuildFile; fileRef = DB9BE08F2378636000DCBAAB /* AppDelegate.swift */; };
		DB9BE0992378636100DCBAAB /* Assets.xcassets in Resources */ = {isa = PBXBuildFile; fileRef = DB9BE0982378636100DCBAAB /* Assets.xcassets */; };
		DB9BE09C2378636100DCBAAB /* LaunchScreen.storyboard in Resources */ = {isa = PBXBuildFile; fileRef = DB9BE09A2378636100DCBAAB /* LaunchScreen.storyboard */; };
		DB9BE1332378660400DCBAAB /* HomeViewController.swift in Sources */ = {isa = PBXBuildFile; fileRef = DB9BE1312378660400DCBAAB /* HomeViewController.swift */; };
		DB9BE1342378660400DCBAAB /* HomeViewController.xib in Resources */ = {isa = PBXBuildFile; fileRef = DB9BE1322378660400DCBAAB /* HomeViewController.xib */; };
		DB9BE13923786C2600DCBAAB /* BatteryViewController.swift in Sources */ = {isa = PBXBuildFile; fileRef = DB9BE13723786C2600DCBAAB /* BatteryViewController.swift */; };
		DB9BE13A23786C2600DCBAAB /* BatteryViewController.xib in Resources */ = {isa = PBXBuildFile; fileRef = DB9BE13823786C2600DCBAAB /* BatteryViewController.xib */; };
		DB9BE13E23786C3D00DCBAAB /* MemoryViewController.swift in Sources */ = {isa = PBXBuildFile; fileRef = DB9BE13C23786C3D00DCBAAB /* MemoryViewController.swift */; };
		DB9BE13F23786C3D00DCBAAB /* MemoryViewController.xib in Resources */ = {isa = PBXBuildFile; fileRef = DB9BE13D23786C3D00DCBAAB /* MemoryViewController.xib */; };
		DB9BE14323786C5900DCBAAB /* DiskViewController.swift in Sources */ = {isa = PBXBuildFile; fileRef = DB9BE14123786C5900DCBAAB /* DiskViewController.swift */; };
		DB9BE14423786C5900DCBAAB /* DiskViewController.xib in Resources */ = {isa = PBXBuildFile; fileRef = DB9BE14223786C5900DCBAAB /* DiskViewController.xib */; };
		DB9BE14823786C7200DCBAAB /* CPUViewController.swift in Sources */ = {isa = PBXBuildFile; fileRef = DB9BE14623786C7200DCBAAB /* CPUViewController.swift */; };
		DB9BE14923786C7200DCBAAB /* CPUViewController.xib in Resources */ = {isa = PBXBuildFile; fileRef = DB9BE14723786C7200DCBAAB /* CPUViewController.xib */; };
		DB9BE14D23786C8A00DCBAAB /* NetworkViewController.swift in Sources */ = {isa = PBXBuildFile; fileRef = DB9BE14B23786C8A00DCBAAB /* NetworkViewController.swift */; };
		DB9BE14E23786C8A00DCBAAB /* NetworkViewController.xib in Resources */ = {isa = PBXBuildFile; fileRef = DB9BE14C23786C8A00DCBAAB /* NetworkViewController.xib */; };
		DB9BE15123786C9900DCBAAB /* GeneralViewController.swift in Sources */ = {isa = PBXBuildFile; fileRef = DB9BE14F23786C9900DCBAAB /* GeneralViewController.swift */; };
		DB9BE15223786C9900DCBAAB /* GeneralViewController.xib in Resources */ = {isa = PBXBuildFile; fileRef = DB9BE15023786C9900DCBAAB /* GeneralViewController.xib */; };
		DB9BE1582378700000DCBAAB /* BaseView.swift in Sources */ = {isa = PBXBuildFile; fileRef = DB9BE1572378700000DCBAAB /* BaseView.swift */; };
		DB9BE15B2378708000DCBAAB /* HeaderView.swift in Sources */ = {isa = PBXBuildFile; fileRef = DB9BE15A2378708000DCBAAB /* HeaderView.swift */; };
		DB9BE15D2378708A00DCBAAB /* HeaderView.xib in Resources */ = {isa = PBXBuildFile; fileRef = DB9BE15C2378708A00DCBAAB /* HeaderView.xib */; };
		DB9BE15F2378747700DCBAAB /* BaseViewController.swift in Sources */ = {isa = PBXBuildFile; fileRef = DB9BE15E2378747700DCBAAB /* BaseViewController.swift */; };
		DD86BED55B163EA2AD783ED9 /* Pods_System.framework in Frameworks */ = {isa = PBXBuildFile; fileRef = 2DC07B821B01A997099F91E7 /* Pods_System.framework */; };
/* End PBXBuildFile section */

/* Begin PBXFileReference section */
		2DC07B821B01A997099F91E7 /* Pods_System.framework */ = {isa = PBXFileReference; explicitFileType = wrapper.framework; includeInIndex = 0; path = Pods_System.framework; sourceTree = BUILT_PRODUCTS_DIR; };
		7E7B5DCBD2DEB8D6359D62FE /* Pods-System.release.xcconfig */ = {isa = PBXFileReference; includeInIndex = 1; lastKnownFileType = text.xcconfig; name = "Pods-System.release.xcconfig"; path = "Target Support Files/Pods-System/Pods-System.release.xcconfig"; sourceTree = "<group>"; };
		8489C72E237902420001E56E /* GeneralTableViewCell.swift */ = {isa = PBXFileReference; lastKnownFileType = sourcecode.swift; path = GeneralTableViewCell.swift; sourceTree = "<group>"; };
		8489C72F237902420001E56E /* GeneralTableViewCell.xib */ = {isa = PBXFileReference; lastKnownFileType = file.xib; path = GeneralTableViewCell.xib; sourceTree = "<group>"; };
		8489C734237903CA0001E56E /* UITable+Extension.swift */ = {isa = PBXFileReference; lastKnownFileType = sourcecode.swift; path = "UITable+Extension.swift"; sourceTree = "<group>"; };
		8489C7372379047B0001E56E /* Constant.swift */ = {isa = PBXFileReference; fileEncoding = 4; lastKnownFileType = sourcecode.swift; path = Constant.swift; sourceTree = "<group>"; };
		8489C77923790AE10001E56E /* GLKit.framework */ = {isa = PBXFileReference; lastKnownFileType = wrapper.framework; name = GLKit.framework; path = System/Library/Frameworks/GLKit.framework; sourceTree = SDKROOT; };
		8489C77B23790AF70001E56E /* AssetsLibrary.framework */ = {isa = PBXFileReference; lastKnownFileType = wrapper.framework; name = AssetsLibrary.framework; path = System/Library/Frameworks/AssetsLibrary.framework; sourceTree = SDKROOT; };
		84DB40B82378F50700841468 /* UIView+Extension.swift */ = {isa = PBXFileReference; fileEncoding = 4; lastKnownFileType = sourcecode.swift; path = "UIView+Extension.swift"; sourceTree = "<group>"; };
		84DB40BC2378F67C00841468 /* PieCollectionViewCell.swift */ = {isa = PBXFileReference; lastKnownFileType = sourcecode.swift; path = PieCollectionViewCell.swift; sourceTree = "<group>"; };
		84DB40BD2378F67C00841468 /* PieCollectionViewCell.xib */ = {isa = PBXFileReference; lastKnownFileType = file.xib; path = PieCollectionViewCell.xib; sourceTree = "<group>"; };
		84DB40C12378F8DB00841468 /* CPUCollectionViewCell.swift */ = {isa = PBXFileReference; lastKnownFileType = sourcecode.swift; path = CPUCollectionViewCell.swift; sourceTree = "<group>"; };
		84DB40C22378F8DB00841468 /* CPUCollectionViewCell.xib */ = {isa = PBXFileReference; lastKnownFileType = file.xib; path = CPUCollectionViewCell.xib; sourceTree = "<group>"; };
		84DB41692378FCE000841468 /* HardcodedDeviceData.m */ = {isa = PBXFileReference; fileEncoding = 4; lastKnownFileType = sourcecode.c.objc; path = HardcodedDeviceData.m; sourceTree = "<group>"; };
		84DB416C2378FCE000841468 /* DeviceSpecificUI.h */ = {isa = PBXFileReference; fileEncoding = 4; lastKnownFileType = sourcecode.c.h; path = DeviceSpecificUI.h; sourceTree = "<group>"; };
		84DB416D2378FCE000841468 /* DeviceSpecificUI.m */ = {isa = PBXFileReference; fileEncoding = 4; lastKnownFileType = sourcecode.c.objc; path = DeviceSpecificUI.m; sourceTree = "<group>"; };
		84DB416F2378FCE000841468 /* GPUInfo.m */ = {isa = PBXFileReference; fileEncoding = 4; lastKnownFileType = sourcecode.c.objc; path = GPUInfo.m; sourceTree = "<group>"; };
		84DB41702378FCE000841468 /* GPUInfoController.h */ = {isa = PBXFileReference; fileEncoding = 4; lastKnownFileType = sourcecode.c.h; path = GPUInfoController.h; sourceTree = "<group>"; };
		84DB41712378FCE000841468 /* GPUInfo.h */ = {isa = PBXFileReference; fileEncoding = 4; lastKnownFileType = sourcecode.c.h; path = GPUInfo.h; sourceTree = "<group>"; };
		84DB41722378FCE000841468 /* GPUInfoController.m */ = {isa = PBXFileReference; fileEncoding = 4; lastKnownFileType = sourcecode.c.objc; path = GPUInfoController.m; sourceTree = "<group>"; };
		84DB41732378FCE000841468 /* AMUtils.h */ = {isa = PBXFileReference; fileEncoding = 4; lastKnownFileType = sourcecode.c.h; path = AMUtils.h; sourceTree = "<group>"; };
		84DB41752378FCE000841468 /* LICENSE */ = {isa = PBXFileReference; fileEncoding = 4; lastKnownFileType = text; path = LICENSE; sourceTree = "<group>"; };
		84DB41762378FCE000841468 /* CHANGELOG */ = {isa = PBXFileReference; fileEncoding = 4; lastKnownFileType = text; path = CHANGELOG; sourceTree = "<group>"; };
		84DB41772378FCE000841468 /* de.bitstadium.HockeySDK-iOS-3.5.0.docset */ = {isa = PBXFileReference; lastKnownFileType = wrapper; path = "de.bitstadium.HockeySDK-iOS-3.5.0.docset"; sourceTree = "<group>"; };
		84DB417A2378FCE000841468 /* HockeySDKResources.bundle */ = {isa = PBXFileReference; lastKnownFileType = "wrapper.plug-in"; path = HockeySDKResources.bundle; sourceTree = "<group>"; };
		84DB417B2378FCE000841468 /* HockeySDK.xcconfig */ = {isa = PBXFileReference; fileEncoding = 4; lastKnownFileType = text.xcconfig; path = HockeySDK.xcconfig; sourceTree = "<group>"; };
		84DB417C2378FCE000841468 /* HockeySDK.framework */ = {isa = PBXFileReference; lastKnownFileType = wrapper.framework; path = HockeySDK.framework; sourceTree = "<group>"; };
		84DB417E2378FCE000841468 /* CPULoadFilter.h */ = {isa = PBXFileReference; fileEncoding = 4; lastKnownFileType = sourcecode.c.h; path = CPULoadFilter.h; sourceTree = "<group>"; };
		84DB417F2378FCE000841468 /* CPUInfoController.h */ = {isa = PBXFileReference; fileEncoding = 4; lastKnownFileType = sourcecode.c.h; path = CPUInfoController.h; sourceTree = "<group>"; };
		84DB41802378FCE000841468 /* CPUInfo.h */ = {isa = PBXFileReference; fileEncoding = 4; lastKnownFileType = sourcecode.c.h; path = CPUInfo.h; sourceTree = "<group>"; };
		84DB41812378FCE000841468 /* CPULoad.m */ = {isa = PBXFileReference; fileEncoding = 4; lastKnownFileType = sourcecode.c.objc; path = CPULoad.m; sourceTree = "<group>"; };
		84DB41822378FCE000841468 /* CPUInfoController.m */ = {isa = PBXFileReference; fileEncoding = 4; lastKnownFileType = sourcecode.c.objc; path = CPUInfoController.m; sourceTree = "<group>"; };
		84DB41832378FCE000841468 /* CPULoadFilter.m */ = {isa = PBXFileReference; fileEncoding = 4; lastKnownFileType = sourcecode.c.objc; path = CPULoadFilter.m; sourceTree = "<group>"; };
		84DB41842378FCE000841468 /* CPUInfo.m */ = {isa = PBXFileReference; fileEncoding = 4; lastKnownFileType = sourcecode.c.objc; path = CPUInfo.m; sourceTree = "<group>"; };
		84DB41852378FCE000841468 /* CPULoad.h */ = {isa = PBXFileReference; fileEncoding = 4; lastKnownFileType = sourcecode.c.h; path = CPULoad.h; sourceTree = "<group>"; };
		84DB41872378FCE000841468 /* NetworkBandwidth.h */ = {isa = PBXFileReference; fileEncoding = 4; lastKnownFileType = sourcecode.c.h; path = NetworkBandwidth.h; sourceTree = "<group>"; };
		84DB41882378FCE000841468 /* ActiveConnection.m */ = {isa = PBXFileReference; fileEncoding = 4; lastKnownFileType = sourcecode.c.objc; path = ActiveConnection.m; sourceTree = "<group>"; };
		84DB41892378FCE000841468 /* NetworkInfoController.m */ = {isa = PBXFileReference; fileEncoding = 4; lastKnownFileType = sourcecode.c.objc; path = NetworkInfoController.m; sourceTree = "<group>"; };
		84DB418A2378FCE000841468 /* NetworkInfo.m */ = {isa = PBXFileReference; fileEncoding = 4; lastKnownFileType = sourcecode.c.objc; path = NetworkInfo.m; sourceTree = "<group>"; };
		84DB418B2378FCE000841468 /* NetworkBandwidth.m */ = {isa = PBXFileReference; fileEncoding = 4; lastKnownFileType = sourcecode.c.objc; path = NetworkBandwidth.m; sourceTree = "<group>"; };
		84DB418C2378FCE000841468 /* NetworkInfoController.h */ = {isa = PBXFileReference; fileEncoding = 4; lastKnownFileType = sourcecode.c.h; path = NetworkInfoController.h; sourceTree = "<group>"; };
		84DB418D2378FCE000841468 /* ActiveConnection.h */ = {isa = PBXFileReference; fileEncoding = 4; lastKnownFileType = sourcecode.c.h; path = ActiveConnection.h; sourceTree = "<group>"; };
		84DB418E2378FCE000841468 /* NetworkInfo.h */ = {isa = PBXFileReference; fileEncoding = 4; lastKnownFileType = sourcecode.c.h; path = NetworkInfo.h; sourceTree = "<group>"; };
		84DB418F2378FCE000841468 /* bsd_var.h */ = {isa = PBXFileReference; fileEncoding = 4; lastKnownFileType = sourcecode.c.h; path = bsd_var.h; sourceTree = "<group>"; };
		84DB41902378FCE000841468 /* AMLogger.h */ = {isa = PBXFileReference; fileEncoding = 4; lastKnownFileType = sourcecode.c.h; path = AMLogger.h; sourceTree = "<group>"; };
		84DB41912378FCE000841468 /* SystemMonitor.m */ = {isa = PBXFileReference; fileEncoding = 4; lastKnownFileType = sourcecode.c.objc; path = SystemMonitor.m; sourceTree = "<group>"; };
		84DB41942378FCE000841468 /* DDLog.h */ = {isa = PBXFileReference; fileEncoding = 4; lastKnownFileType = sourcecode.c.h; path = DDLog.h; sourceTree = "<group>"; };
		84DB41952378FCE000841468 /* DDFileLogger.h */ = {isa = PBXFileReference; fileEncoding = 4; lastKnownFileType = sourcecode.c.h; path = DDFileLogger.h; sourceTree = "<group>"; };
		84DB41962378FCE000841468 /* DDTTYLogger.h */ = {isa = PBXFileReference; fileEncoding = 4; lastKnownFileType = sourcecode.c.h; path = DDTTYLogger.h; sourceTree = "<group>"; };
		84DB41972378FCE000841468 /* DDASLLogger.h */ = {isa = PBXFileReference; fileEncoding = 4; lastKnownFileType = sourcecode.c.h; path = DDASLLogger.h; sourceTree = "<group>"; };
		84DB41982378FCE000841468 /* libLumberjack.a */ = {isa = PBXFileReference; lastKnownFileType = archive.ar; path = libLumberjack.a; sourceTree = "<group>"; };
		84DB419A2378FCE000841468 /* StorageInfo.m */ = {isa = PBXFileReference; fileEncoding = 4; lastKnownFileType = sourcecode.c.objc; path = StorageInfo.m; sourceTree = "<group>"; };
		84DB419B2378FCE000841468 /* StorageInfoController.h */ = {isa = PBXFileReference; fileEncoding = 4; lastKnownFileType = sourcecode.c.h; path = StorageInfoController.h; sourceTree = "<group>"; };
		84DB419C2378FCE000841468 /* StorageInfo.h */ = {isa = PBXFileReference; fileEncoding = 4; lastKnownFileType = sourcecode.c.h; path = StorageInfo.h; sourceTree = "<group>"; };
		84DB419D2378FCE000841468 /* StorageInfoController.m */ = {isa = PBXFileReference; fileEncoding = 4; lastKnownFileType = sourcecode.c.objc; path = StorageInfoController.m; sourceTree = "<group>"; };
		84DB419E2378FCE000841468 /* HardcodedDeviceData.h */ = {isa = PBXFileReference; fileEncoding = 4; lastKnownFileType = sourcecode.c.h; path = HardcodedDeviceData.h; sourceTree = "<group>"; };
		84DB41A12378FCE000841468 /* GLLineGraph.h */ = {isa = PBXFileReference; fileEncoding = 4; lastKnownFileType = sourcecode.c.h; path = GLLineGraph.h; sourceTree = "<group>"; };
		84DB41A22378FCE000841468 /* GLDataLine.m */ = {isa = PBXFileReference; fileEncoding = 4; lastKnownFileType = sourcecode.c.objc; path = GLDataLine.m; sourceTree = "<group>"; };
		84DB41A32378FCE000841468 /* GLLineGraph.m */ = {isa = PBXFileReference; fileEncoding = 4; lastKnownFileType = sourcecode.c.objc; path = GLLineGraph.m; sourceTree = "<group>"; };
		84DB41A42378FCE000841468 /* GLDataLine.h */ = {isa = PBXFileReference; fileEncoding = 4; lastKnownFileType = sourcecode.c.h; path = GLDataLine.h; sourceTree = "<group>"; };
		84DB41A52378FCE000841468 /* GLEffect.h */ = {isa = PBXFileReference; fileEncoding = 4; lastKnownFileType = sourcecode.c.h; path = GLEffect.h; sourceTree = "<group>"; };
		84DB41A62378FCE000841468 /* GLCommon.h */ = {isa = PBXFileReference; fileEncoding = 4; lastKnownFileType = sourcecode.c.h; path = GLCommon.h; sourceTree = "<group>"; };
		84DB41A72378FCE000841468 /* GLEffect.m */ = {isa = PBXFileReference; fileEncoding = 4; lastKnownFileType = sourcecode.c.objc; path = GLEffect.m; sourceTree = "<group>"; };
		84DB41A82378FCE000841468 /* GLCommon.m */ = {isa = PBXFileReference; fileEncoding = 4; lastKnownFileType = sourcecode.c.objc; path = GLCommon.m; sourceTree = "<group>"; };
		84DB41AB2378FCE000841468 /* GLBubbleEffect.vsh */ = {isa = PBXFileReference; fileEncoding = 4; lastKnownFileType = sourcecode.glsl; path = GLBubbleEffect.vsh; sourceTree = "<group>"; };
		84DB41AC2378FCE000841468 /* GLBubbleEffect.h */ = {isa = PBXFileReference; fileEncoding = 4; lastKnownFileType = sourcecode.c.h; path = GLBubbleEffect.h; sourceTree = "<group>"; };
		84DB41AD2378FCE000841468 /* GLBubbleEffect.fsh */ = {isa = PBXFileReference; fileEncoding = 4; lastKnownFileType = sourcecode.glsl; path = GLBubbleEffect.fsh; sourceTree = "<group>"; };
		84DB41AE2378FCE000841468 /* GLBubbleEffect.m */ = {isa = PBXFileReference; fileEncoding = 4; lastKnownFileType = sourcecode.c.objc; path = GLBubbleEffect.m; sourceTree = "<group>"; };
		84DB41AF2378FCE000841468 /* GLTube.h */ = {isa = PBXFileReference; fileEncoding = 4; lastKnownFileType = sourcecode.c.h; path = GLTube.h; sourceTree = "<group>"; };
		84DB41B02378FCE000841468 /* GLTube.m */ = {isa = PBXFileReference; fileEncoding = 4; lastKnownFileType = sourcecode.c.objc; path = GLTube.m; sourceTree = "<group>"; };
		84DB41B12378FCE000841468 /* AMUtils.m */ = {isa = PBXFileReference; fileEncoding = 4; lastKnownFileType = sourcecode.c.objc; path = AMUtils.m; sourceTree = "<group>"; };
		84DB41B32378FCE000841468 /* DeviceInfoController.h */ = {isa = PBXFileReference; fileEncoding = 4; lastKnownFileType = sourcecode.c.h; path = DeviceInfoController.h; sourceTree = "<group>"; };
		84DB41B42378FCE000841468 /* DeviceInfo.h */ = {isa = PBXFileReference; fileEncoding = 4; lastKnownFileType = sourcecode.c.h; path = DeviceInfo.h; sourceTree = "<group>"; };
		84DB41B52378FCE000841468 /* DeviceInfoController.m */ = {isa = PBXFileReference; fileEncoding = 4; lastKnownFileType = sourcecode.c.objc; path = DeviceInfoController.m; sourceTree = "<group>"; };
		84DB41B62378FCE000841468 /* DeviceInfo.m */ = {isa = PBXFileReference; fileEncoding = 4; lastKnownFileType = sourcecode.c.objc; path = DeviceInfo.m; sourceTree = "<group>"; };
		84DB41B72378FCE000841468 /* AMLogger.m */ = {isa = PBXFileReference; fileEncoding = 4; lastKnownFileType = sourcecode.c.objc; path = AMLogger.m; sourceTree = "<group>"; };
		84DB41B92378FCE000841468 /* BatteryInfo.h */ = {isa = PBXFileReference; fileEncoding = 4; lastKnownFileType = sourcecode.c.h; path = BatteryInfo.h; sourceTree = "<group>"; };
		84DB41BA2378FCE000841468 /* BatteryInfoController.h */ = {isa = PBXFileReference; fileEncoding = 4; lastKnownFileType = sourcecode.c.h; path = BatteryInfoController.h; sourceTree = "<group>"; };
		84DB41BB2378FCE000841468 /* BatteryInfo.m */ = {isa = PBXFileReference; fileEncoding = 4; lastKnownFileType = sourcecode.c.objc; path = BatteryInfo.m; sourceTree = "<group>"; };
		84DB41BC2378FCE000841468 /* BatteryInfoController.m */ = {isa = PBXFileReference; fileEncoding = 4; lastKnownFileType = sourcecode.c.objc; path = BatteryInfoController.m; sourceTree = "<group>"; };
		84DB41BE2378FCE000841468 /* RAMUsage.h */ = {isa = PBXFileReference; fileEncoding = 4; lastKnownFileType = sourcecode.c.h; path = RAMUsage.h; sourceTree = "<group>"; };
		84DB41BF2378FCE000841468 /* RAMInfo.h */ = {isa = PBXFileReference; fileEncoding = 4; lastKnownFileType = sourcecode.c.h; path = RAMInfo.h; sourceTree = "<group>"; };
		84DB41C02378FCE000841468 /* RAMInfoController.h */ = {isa = PBXFileReference; fileEncoding = 4; lastKnownFileType = sourcecode.c.h; path = RAMInfoController.h; sourceTree = "<group>"; };
		84DB41C12378FCE000841468 /* RAMInfo.m */ = {isa = PBXFileReference; fileEncoding = 4; lastKnownFileType = sourcecode.c.objc; path = RAMInfo.m; sourceTree = "<group>"; };
		84DB41C22378FCE000841468 /* RAMUsage.m */ = {isa = PBXFileReference; fileEncoding = 4; lastKnownFileType = sourcecode.c.objc; path = RAMUsage.m; sourceTree = "<group>"; };
		84DB41C32378FCE000841468 /* RAMInfoController.m */ = {isa = PBXFileReference; fileEncoding = 4; lastKnownFileType = sourcecode.c.objc; path = RAMInfoController.m; sourceTree = "<group>"; };
		84DB41C52378FCE000841468 /* ProcessInfo.m */ = {isa = PBXFileReference; fileEncoding = 4; lastKnownFileType = sourcecode.c.objc; path = ProcessInfo.m; sourceTree = "<group>"; };
		84DB41C62378FCE000841468 /* ProcessInfoController.m */ = {isa = PBXFileReference; fileEncoding = 4; lastKnownFileType = sourcecode.c.objc; path = ProcessInfoController.m; sourceTree = "<group>"; };
		84DB41C72378FCE000841468 /* ProcessInfo.h */ = {isa = PBXFileReference; fileEncoding = 4; lastKnownFileType = sourcecode.c.h; path = ProcessInfo.h; sourceTree = "<group>"; };
		84DB41C82378FCE000841468 /* ProcessInfoController.h */ = {isa = PBXFileReference; fileEncoding = 4; lastKnownFileType = sourcecode.c.h; path = ProcessInfoController.h; sourceTree = "<group>"; };
		84DB41C92378FCE000841468 /* SystemMonitor.h */ = {isa = PBXFileReference; fileEncoding = 4; lastKnownFileType = sourcecode.c.h; path = SystemMonitor.h; sourceTree = "<group>"; };
		84DB41F42379004500841468 /* GeneralCollectionViewCell.swift */ = {isa = PBXFileReference; lastKnownFileType = sourcecode.swift; path = GeneralCollectionViewCell.swift; sourceTree = "<group>"; };
		84DB41F52379004500841468 /* GeneralCollectionViewCell.xib */ = {isa = PBXFileReference; lastKnownFileType = file.xib; path = GeneralCollectionViewCell.xib; sourceTree = "<group>"; };
		84ED17BC237918A90061858B /* BatteryTableViewCell.swift */ = {isa = PBXFileReference; lastKnownFileType = sourcecode.swift; path = BatteryTableViewCell.swift; sourceTree = "<group>"; };
		84ED17BD237918A90061858B /* BatteryTableViewCell.xib */ = {isa = PBXFileReference; lastKnownFileType = file.xib; path = BatteryTableViewCell.xib; sourceTree = "<group>"; };
		84ED17C2237921DB0061858B /* MemoryTableViewCell.swift */ = {isa = PBXFileReference; lastKnownFileType = sourcecode.swift; path = MemoryTableViewCell.swift; sourceTree = "<group>"; };
		84ED17C3237921DB0061858B /* MemoryTableViewCell.xib */ = {isa = PBXFileReference; lastKnownFileType = file.xib; path = MemoryTableViewCell.xib; sourceTree = "<group>"; };
		AD91E4B71392B17B67D8DAA2 /* Pods-System.debug.xcconfig */ = {isa = PBXFileReference; includeInIndex = 1; lastKnownFileType = text.xcconfig; name = "Pods-System.debug.xcconfig"; path = "Target Support Files/Pods-System/Pods-System.debug.xcconfig"; sourceTree = "<group>"; };
		DB9BE08C2378636000DCBAAB /* System.app */ = {isa = PBXFileReference; explicitFileType = wrapper.application; includeInIndex = 0; path = System.app; sourceTree = BUILT_PRODUCTS_DIR; };
		DB9BE08F2378636000DCBAAB /* AppDelegate.swift */ = {isa = PBXFileReference; lastKnownFileType = sourcecode.swift; path = AppDelegate.swift; sourceTree = "<group>"; };
		DB9BE0982378636100DCBAAB /* Assets.xcassets */ = {isa = PBXFileReference; lastKnownFileType = folder.assetcatalog; path = Assets.xcassets; sourceTree = "<group>"; };
		DB9BE09B2378636100DCBAAB /* Base */ = {isa = PBXFileReference; lastKnownFileType = file.storyboard; name = Base; path = Base.lproj/LaunchScreen.storyboard; sourceTree = "<group>"; };
		DB9BE09D2378636100DCBAAB /* Info.plist */ = {isa = PBXFileReference; lastKnownFileType = text.plist.xml; path = Info.plist; sourceTree = "<group>"; };
		DB9BE0A3237863EC00DCBAAB /* Header.h */ = {isa = PBXFileReference; lastKnownFileType = sourcecode.c.h; path = Header.h; sourceTree = "<group>"; };
		DB9BE1312378660400DCBAAB /* HomeViewController.swift */ = {isa = PBXFileReference; lastKnownFileType = sourcecode.swift; path = HomeViewController.swift; sourceTree = "<group>"; };
		DB9BE1322378660400DCBAAB /* HomeViewController.xib */ = {isa = PBXFileReference; lastKnownFileType = file.xib; path = HomeViewController.xib; sourceTree = "<group>"; };
		DB9BE13723786C2600DCBAAB /* BatteryViewController.swift */ = {isa = PBXFileReference; lastKnownFileType = sourcecode.swift; path = BatteryViewController.swift; sourceTree = "<group>"; };
		DB9BE13823786C2600DCBAAB /* BatteryViewController.xib */ = {isa = PBXFileReference; lastKnownFileType = file.xib; path = BatteryViewController.xib; sourceTree = "<group>"; };
		DB9BE13C23786C3D00DCBAAB /* MemoryViewController.swift */ = {isa = PBXFileReference; lastKnownFileType = sourcecode.swift; path = MemoryViewController.swift; sourceTree = "<group>"; };
		DB9BE13D23786C3D00DCBAAB /* MemoryViewController.xib */ = {isa = PBXFileReference; lastKnownFileType = file.xib; path = MemoryViewController.xib; sourceTree = "<group>"; };
		DB9BE14123786C5900DCBAAB /* DiskViewController.swift */ = {isa = PBXFileReference; lastKnownFileType = sourcecode.swift; path = DiskViewController.swift; sourceTree = "<group>"; };
		DB9BE14223786C5900DCBAAB /* DiskViewController.xib */ = {isa = PBXFileReference; lastKnownFileType = file.xib; path = DiskViewController.xib; sourceTree = "<group>"; };
		DB9BE14623786C7200DCBAAB /* CPUViewController.swift */ = {isa = PBXFileReference; lastKnownFileType = sourcecode.swift; path = CPUViewController.swift; sourceTree = "<group>"; };
		DB9BE14723786C7200DCBAAB /* CPUViewController.xib */ = {isa = PBXFileReference; lastKnownFileType = file.xib; path = CPUViewController.xib; sourceTree = "<group>"; };
		DB9BE14B23786C8A00DCBAAB /* NetworkViewController.swift */ = {isa = PBXFileReference; lastKnownFileType = sourcecode.swift; path = NetworkViewController.swift; sourceTree = "<group>"; };
		DB9BE14C23786C8A00DCBAAB /* NetworkViewController.xib */ = {isa = PBXFileReference; lastKnownFileType = file.xib; path = NetworkViewController.xib; sourceTree = "<group>"; };
		DB9BE14F23786C9900DCBAAB /* GeneralViewController.swift */ = {isa = PBXFileReference; lastKnownFileType = sourcecode.swift; path = GeneralViewController.swift; sourceTree = "<group>"; };
		DB9BE15023786C9900DCBAAB /* GeneralViewController.xib */ = {isa = PBXFileReference; lastKnownFileType = file.xib; path = GeneralViewController.xib; sourceTree = "<group>"; };
		DB9BE1572378700000DCBAAB /* BaseView.swift */ = {isa = PBXFileReference; lastKnownFileType = sourcecode.swift; path = BaseView.swift; sourceTree = "<group>"; };
		DB9BE15A2378708000DCBAAB /* HeaderView.swift */ = {isa = PBXFileReference; lastKnownFileType = sourcecode.swift; path = HeaderView.swift; sourceTree = "<group>"; };
		DB9BE15C2378708A00DCBAAB /* HeaderView.xib */ = {isa = PBXFileReference; lastKnownFileType = file.xib; path = HeaderView.xib; sourceTree = "<group>"; };
		DB9BE15E2378747700DCBAAB /* BaseViewController.swift */ = {isa = PBXFileReference; lastKnownFileType = sourcecode.swift; path = BaseViewController.swift; sourceTree = "<group>"; };
/* End PBXFileReference section */

/* Begin PBXFrameworksBuildPhase section */
		DB9BE0892378636000DCBAAB /* Frameworks */ = {
			isa = PBXFrameworksBuildPhase;
			buildActionMask = 2147483647;
			files = (
				8489C77C23790AF70001E56E /* AssetsLibrary.framework in Frameworks */,
				8489C77A23790AE10001E56E /* GLKit.framework in Frameworks */,
				84DB41D32378FCE100841468 /* HockeySDK.framework in Frameworks */,
				DD86BED55B163EA2AD783ED9 /* Pods_System.framework in Frameworks */,
				84DB41DD2378FCE100841468 /* libLumberjack.a in Frameworks */,
			);
			runOnlyForDeploymentPostprocessing = 0;
		};
/* End PBXFrameworksBuildPhase section */

/* Begin PBXGroup section */
		822EA499DE6BD4815A1058F4 /* Pods */ = {
			isa = PBXGroup;
			children = (
				AD91E4B71392B17B67D8DAA2 /* Pods-System.debug.xcconfig */,
				7E7B5DCBD2DEB8D6359D62FE /* Pods-System.release.xcconfig */,
			);
			path = Pods;
			sourceTree = "<group>";
		};
		8489C72D237902150001E56E /* GeneralTableViewCell */ = {
			isa = PBXGroup;
			children = (
				8489C72E237902420001E56E /* GeneralTableViewCell.swift */,
				8489C72F237902420001E56E /* GeneralTableViewCell.xib */,
			);
			path = GeneralTableViewCell;
			sourceTree = "<group>";
		};
		8489C7362379044B0001E56E /* Constant */ = {
			isa = PBXGroup;
			children = (
				8489C7372379047B0001E56E /* Constant.swift */,
			);
			path = Constant;
			sourceTree = "<group>";
		};
		848CAE5B237936520017DEE2 /* Cell */ = {
			isa = PBXGroup;
			children = (
				84ED17C2237921DB0061858B /* MemoryTableViewCell.swift */,
				84ED17C3237921DB0061858B /* MemoryTableViewCell.xib */,
			);
			path = Cell;
			sourceTree = "<group>";
		};
		848CAE5C237936610017DEE2 /* Cell */ = {
			isa = PBXGroup;
			children = (
				84ED17BC237918A90061858B /* BatteryTableViewCell.swift */,
				84ED17BD237918A90061858B /* BatteryTableViewCell.xib */,
			);
			path = Cell;
			sourceTree = "<group>";
		};
		84DB40B72378F50700841468 /* Extensions */ = {
			isa = PBXGroup;
			children = (
				84DB40B82378F50700841468 /* UIView+Extension.swift */,
				8489C734237903CA0001E56E /* UITable+Extension.swift */,
			);
			path = Extensions;
			sourceTree = "<group>";
		};
		84DB40BA2378F65A00841468 /* Home */ = {
			isa = PBXGroup;
			children = (
				84DB41F32379002300841468 /* GeneralCollectionViewCell */,
				84DB40C02378F8C600841468 /* CPUCollectionViewCell */,
				84DB40BB2378F66200841468 /* PieCollectionViewCell */,
			);
			path = Home;
			sourceTree = "<group>";
		};
		84DB40BB2378F66200841468 /* PieCollectionViewCell */ = {
			isa = PBXGroup;
			children = (
				84DB40BC2378F67C00841468 /* PieCollectionViewCell.swift */,
				84DB40BD2378F67C00841468 /* PieCollectionViewCell.xib */,
			);
			path = PieCollectionViewCell;
			sourceTree = "<group>";
		};
		84DB40C02378F8C600841468 /* CPUCollectionViewCell */ = {
			isa = PBXGroup;
			children = (
				84DB40C12378F8DB00841468 /* CPUCollectionViewCell.swift */,
				84DB40C22378F8DB00841468 /* CPUCollectionViewCell.xib */,
			);
			path = CPUCollectionViewCell;
			sourceTree = "<group>";
		};
		84DB40C52378F9E400841468 /* Library */ = {
			isa = PBXGroup;
			children = (
				84DB41682378FCE000841468 /* SystemMonitor */,
			);
			path = Library;
			sourceTree = "<group>";
		};
		84DB41682378FCE000841468 /* SystemMonitor */ = {
			isa = PBXGroup;
			children = (
				84DB41692378FCE000841468 /* HardcodedDeviceData.m */,
				84DB416A2378FCE000841468 /* UI */,
				84DB416E2378FCE000841468 /* GPU */,
				84DB41732378FCE000841468 /* AMUtils.h */,
				84DB41742378FCE000841468 /* HockeySDK */,
				84DB417D2378FCE000841468 /* CPU */,
				84DB41862378FCE000841468 /* Network */,
				84DB41902378FCE000841468 /* AMLogger.h */,
				84DB41912378FCE000841468 /* SystemMonitor.m */,
				84DB41922378FCE000841468 /* Lumberjack */,
				84DB41992378FCE000841468 /* Storage */,
				84DB419E2378FCE000841468 /* HardcodedDeviceData.h */,
				84DB419F2378FCE000841468 /* GL */,
				84DB41B12378FCE000841468 /* AMUtils.m */,
				84DB41B22378FCE000841468 /* Device */,
				84DB41B72378FCE000841468 /* AMLogger.m */,
				84DB41B82378FCE000841468 /* Battery */,
				84DB41BD2378FCE000841468 /* RAM */,
				84DB41C42378FCE000841468 /* Process */,
				84DB41C92378FCE000841468 /* SystemMonitor.h */,
			);
			path = SystemMonitor;
			sourceTree = "<group>";
		};
		84DB416A2378FCE000841468 /* UI */ = {
			isa = PBXGroup;
			children = (
				84DB416B2378FCE000841468 /* DeviceSpecificUI */,
			);
			path = UI;
			sourceTree = "<group>";
		};
		84DB416B2378FCE000841468 /* DeviceSpecificUI */ = {
			isa = PBXGroup;
			children = (
				84DB416C2378FCE000841468 /* DeviceSpecificUI.h */,
				84DB416D2378FCE000841468 /* DeviceSpecificUI.m */,
			);
			path = DeviceSpecificUI;
			sourceTree = "<group>";
		};
		84DB416E2378FCE000841468 /* GPU */ = {
			isa = PBXGroup;
			children = (
				84DB416F2378FCE000841468 /* GPUInfo.m */,
				84DB41702378FCE000841468 /* GPUInfoController.h */,
				84DB41712378FCE000841468 /* GPUInfo.h */,
				84DB41722378FCE000841468 /* GPUInfoController.m */,
			);
			path = GPU;
			sourceTree = "<group>";
		};
		84DB41742378FCE000841468 /* HockeySDK */ = {
			isa = PBXGroup;
			children = (
				84DB41752378FCE000841468 /* LICENSE */,
				84DB41762378FCE000841468 /* CHANGELOG */,
				84DB41772378FCE000841468 /* de.bitstadium.HockeySDK-iOS-3.5.0.docset */,
				84DB41782378FCE000841468 /* HockeySDK.embeddedframework */,
			);
			path = HockeySDK;
			sourceTree = "<group>";
		};
		84DB41782378FCE000841468 /* HockeySDK.embeddedframework */ = {
			isa = PBXGroup;
			children = (
				84DB41792378FCE000841468 /* Resources */,
				84DB417C2378FCE000841468 /* HockeySDK.framework */,
			);
			path = HockeySDK.embeddedframework;
			sourceTree = "<group>";
		};
		84DB41792378FCE000841468 /* Resources */ = {
			isa = PBXGroup;
			children = (
				84DB417A2378FCE000841468 /* HockeySDKResources.bundle */,
				84DB417B2378FCE000841468 /* HockeySDK.xcconfig */,
			);
			path = Resources;
			sourceTree = "<group>";
		};
		84DB417D2378FCE000841468 /* CPU */ = {
			isa = PBXGroup;
			children = (
				84DB417E2378FCE000841468 /* CPULoadFilter.h */,
				84DB417F2378FCE000841468 /* CPUInfoController.h */,
				84DB41802378FCE000841468 /* CPUInfo.h */,
				84DB41812378FCE000841468 /* CPULoad.m */,
				84DB41822378FCE000841468 /* CPUInfoController.m */,
				84DB41832378FCE000841468 /* CPULoadFilter.m */,
				84DB41842378FCE000841468 /* CPUInfo.m */,
				84DB41852378FCE000841468 /* CPULoad.h */,
			);
			path = CPU;
			sourceTree = "<group>";
		};
		84DB41862378FCE000841468 /* Network */ = {
			isa = PBXGroup;
			children = (
				84DB41872378FCE000841468 /* NetworkBandwidth.h */,
				84DB41882378FCE000841468 /* ActiveConnection.m */,
				84DB41892378FCE000841468 /* NetworkInfoController.m */,
				84DB418A2378FCE000841468 /* NetworkInfo.m */,
				84DB418B2378FCE000841468 /* NetworkBandwidth.m */,
				84DB418C2378FCE000841468 /* NetworkInfoController.h */,
				84DB418D2378FCE000841468 /* ActiveConnection.h */,
				84DB418E2378FCE000841468 /* NetworkInfo.h */,
				84DB418F2378FCE000841468 /* bsd_var.h */,
			);
			path = Network;
			sourceTree = "<group>";
		};
		84DB41922378FCE000841468 /* Lumberjack */ = {
			isa = PBXGroup;
			children = (
				84DB41932378FCE000841468 /* include */,
				84DB41982378FCE000841468 /* libLumberjack.a */,
			);
			path = Lumberjack;
			sourceTree = "<group>";
		};
		84DB41932378FCE000841468 /* include */ = {
			isa = PBXGroup;
			children = (
				84DB41942378FCE000841468 /* DDLog.h */,
				84DB41952378FCE000841468 /* DDFileLogger.h */,
				84DB41962378FCE000841468 /* DDTTYLogger.h */,
				84DB41972378FCE000841468 /* DDASLLogger.h */,
			);
			path = include;
			sourceTree = "<group>";
		};
		84DB41992378FCE000841468 /* Storage */ = {
			isa = PBXGroup;
			children = (
				84DB419A2378FCE000841468 /* StorageInfo.m */,
				84DB419B2378FCE000841468 /* StorageInfoController.h */,
				84DB419C2378FCE000841468 /* StorageInfo.h */,
				84DB419D2378FCE000841468 /* StorageInfoController.m */,
			);
			path = Storage;
			sourceTree = "<group>";
		};
		84DB419F2378FCE000841468 /* GL */ = {
			isa = PBXGroup;
			children = (
				84DB41A02378FCE000841468 /* GLGraph */,
				84DB41A52378FCE000841468 /* GLEffect.h */,
				84DB41A62378FCE000841468 /* GLCommon.h */,
				84DB41A72378FCE000841468 /* GLEffect.m */,
				84DB41A82378FCE000841468 /* GLCommon.m */,
				84DB41A92378FCE000841468 /* GLTube */,
			);
			path = GL;
			sourceTree = "<group>";
		};
		84DB41A02378FCE000841468 /* GLGraph */ = {
			isa = PBXGroup;
			children = (
				84DB41A12378FCE000841468 /* GLLineGraph.h */,
				84DB41A22378FCE000841468 /* GLDataLine.m */,
				84DB41A32378FCE000841468 /* GLLineGraph.m */,
				84DB41A42378FCE000841468 /* GLDataLine.h */,
			);
			path = GLGraph;
			sourceTree = "<group>";
		};
		84DB41A92378FCE000841468 /* GLTube */ = {
			isa = PBXGroup;
			children = (
				84DB41AA2378FCE000841468 /* BubbleEffect */,
				84DB41AF2378FCE000841468 /* GLTube.h */,
				84DB41B02378FCE000841468 /* GLTube.m */,
			);
			path = GLTube;
			sourceTree = "<group>";
		};
		84DB41AA2378FCE000841468 /* BubbleEffect */ = {
			isa = PBXGroup;
			children = (
				84DB41AB2378FCE000841468 /* GLBubbleEffect.vsh */,
				84DB41AC2378FCE000841468 /* GLBubbleEffect.h */,
				84DB41AD2378FCE000841468 /* GLBubbleEffect.fsh */,
				84DB41AE2378FCE000841468 /* GLBubbleEffect.m */,
			);
			path = BubbleEffect;
			sourceTree = "<group>";
		};
		84DB41B22378FCE000841468 /* Device */ = {
			isa = PBXGroup;
			children = (
				84DB41B32378FCE000841468 /* DeviceInfoController.h */,
				84DB41B42378FCE000841468 /* DeviceInfo.h */,
				84DB41B52378FCE000841468 /* DeviceInfoController.m */,
				84DB41B62378FCE000841468 /* DeviceInfo.m */,
			);
			path = Device;
			sourceTree = "<group>";
		};
		84DB41B82378FCE000841468 /* Battery */ = {
			isa = PBXGroup;
			children = (
				84DB41B92378FCE000841468 /* BatteryInfo.h */,
				84DB41BA2378FCE000841468 /* BatteryInfoController.h */,
				84DB41BB2378FCE000841468 /* BatteryInfo.m */,
				84DB41BC2378FCE000841468 /* BatteryInfoController.m */,
			);
			path = Battery;
			sourceTree = "<group>";
		};
		84DB41BD2378FCE000841468 /* RAM */ = {
			isa = PBXGroup;
			children = (
				84DB41BE2378FCE000841468 /* RAMUsage.h */,
				84DB41BF2378FCE000841468 /* RAMInfo.h */,
				84DB41C02378FCE000841468 /* RAMInfoController.h */,
				84DB41C12378FCE000841468 /* RAMInfo.m */,
				84DB41C22378FCE000841468 /* RAMUsage.m */,
				84DB41C32378FCE000841468 /* RAMInfoController.m */,
			);
			path = RAM;
			sourceTree = "<group>";
		};
		84DB41C42378FCE000841468 /* Process */ = {
			isa = PBXGroup;
			children = (
				84DB41C52378FCE000841468 /* ProcessInfo.m */,
				84DB41C62378FCE000841468 /* ProcessInfoController.m */,
				84DB41C72378FCE000841468 /* ProcessInfo.h */,
				84DB41C82378FCE000841468 /* ProcessInfoController.h */,
			);
			path = Process;
			sourceTree = "<group>";
		};
		84DB41F32379002300841468 /* GeneralCollectionViewCell */ = {
			isa = PBXGroup;
			children = (
				8489C72D237902150001E56E /* GeneralTableViewCell */,
				84DB41F42379004500841468 /* GeneralCollectionViewCell.swift */,
				84DB41F52379004500841468 /* GeneralCollectionViewCell.xib */,
			);
			path = GeneralCollectionViewCell;
			sourceTree = "<group>";
		};
		DB9BE0832378636000DCBAAB = {
			isa = PBXGroup;
			children = (
				DB9BE08E2378636000DCBAAB /* System */,
				DB9BE08D2378636000DCBAAB /* Products */,
				822EA499DE6BD4815A1058F4 /* Pods */,
				E041284CC30BE91C44027E9C /* Frameworks */,
			);
			sourceTree = "<group>";
		};
		DB9BE08D2378636000DCBAAB /* Products */ = {
			isa = PBXGroup;
			children = (
				DB9BE08C2378636000DCBAAB /* System.app */,
			);
			name = Products;
			sourceTree = "<group>";
		};
		DB9BE08E2378636000DCBAAB /* System */ = {
			isa = PBXGroup;
			children = (
				DB9BE08F2378636000DCBAAB /* AppDelegate.swift */,
				8489C7362379044B0001E56E /* Constant */,
				84DB40C52378F9E400841468 /* Library */,
				84DB40B72378F50700841468 /* Extensions */,
				DB9BE15523786FB600DCBAAB /* Views */,
				DB9BE12F237865BF00DCBAAB /* Controllers */,
				DB9BE0982378636100DCBAAB /* Assets.xcassets */,
				DB9BE09A2378636100DCBAAB /* LaunchScreen.storyboard */,
				DB9BE09D2378636100DCBAAB /* Info.plist */,
				DB9BE0A3237863EC00DCBAAB /* Header.h */,
			);
			path = System;
			sourceTree = "<group>";
		};
		DB9BE12F237865BF00DCBAAB /* Controllers */ = {
			isa = PBXGroup;
			children = (
				DB9BE15323786CA100DCBAAB /* GeneralViewController */,
				DB9BE14A23786C7D00DCBAAB /* NetworkViewController */,
				DB9BE14523786C6200DCBAAB /* CPUViewController */,
				DB9BE14023786C4D00DCBAAB /* DiskViewController */,
				DB9BE13B23786C2E00DCBAAB /* MemoryViewController */,
				DB9BE13623786C1700DCBAAB /* BatteryViewController */,
				DB9BE130237865D400DCBAAB /* HomeViewController */,
				DB9BE13523786B8A00DCBAAB /* BaseViewController */,
			);
			path = Controllers;
			sourceTree = "<group>";
		};
		DB9BE130237865D400DCBAAB /* HomeViewController */ = {
			isa = PBXGroup;
			children = (
				DB9BE1312378660400DCBAAB /* HomeViewController.swift */,
				DB9BE1322378660400DCBAAB /* HomeViewController.xib */,
			);
			path = HomeViewController;
			sourceTree = "<group>";
		};
		DB9BE13523786B8A00DCBAAB /* BaseViewController */ = {
			isa = PBXGroup;
			children = (
				DB9BE15E2378747700DCBAAB /* BaseViewController.swift */,
			);
			path = BaseViewController;
			sourceTree = "<group>";
		};
		DB9BE13623786C1700DCBAAB /* BatteryViewController */ = {
			isa = PBXGroup;
			children = (
				848CAE5C237936610017DEE2 /* Cell */,
				DB9BE13723786C2600DCBAAB /* BatteryViewController.swift */,
				DB9BE13823786C2600DCBAAB /* BatteryViewController.xib */,
			);
			path = BatteryViewController;
			sourceTree = "<group>";
		};
		DB9BE13B23786C2E00DCBAAB /* MemoryViewController */ = {
			isa = PBXGroup;
			children = (
				848CAE5B237936520017DEE2 /* Cell */,
				DB9BE13C23786C3D00DCBAAB /* MemoryViewController.swift */,
				DB9BE13D23786C3D00DCBAAB /* MemoryViewController.xib */,
			);
			path = MemoryViewController;
			sourceTree = "<group>";
		};
		DB9BE14023786C4D00DCBAAB /* DiskViewController */ = {
			isa = PBXGroup;
			children = (
				DB9BE14123786C5900DCBAAB /* DiskViewController.swift */,
				DB9BE14223786C5900DCBAAB /* DiskViewController.xib */,
			);
			path = DiskViewController;
			sourceTree = "<group>";
		};
		DB9BE14523786C6200DCBAAB /* CPUViewController */ = {
			isa = PBXGroup;
			children = (
				DB9BE14623786C7200DCBAAB /* CPUViewController.swift */,
				DB9BE14723786C7200DCBAAB /* CPUViewController.xib */,
			);
			path = CPUViewController;
			sourceTree = "<group>";
		};
		DB9BE14A23786C7D00DCBAAB /* NetworkViewController */ = {
			isa = PBXGroup;
			children = (
				DB9BE14B23786C8A00DCBAAB /* NetworkViewController.swift */,
				DB9BE14C23786C8A00DCBAAB /* NetworkViewController.xib */,
			);
			path = NetworkViewController;
			sourceTree = "<group>";
		};
		DB9BE15323786CA100DCBAAB /* GeneralViewController */ = {
			isa = PBXGroup;
			children = (
				DB9BE14F23786C9900DCBAAB /* GeneralViewController.swift */,
				DB9BE15023786C9900DCBAAB /* GeneralViewController.xib */,
			);
			path = GeneralViewController;
			sourceTree = "<group>";
		};
		DB9BE15523786FB600DCBAAB /* Views */ = {
			isa = PBXGroup;
			children = (
				84DB40BA2378F65A00841468 /* Home */,
				DB9BE1592378706700DCBAAB /* HeaderView */,
				DB9BE15623786FEA00DCBAAB /* BaseView */,
			);
			path = Views;
			sourceTree = "<group>";
		};
		DB9BE15623786FEA00DCBAAB /* BaseView */ = {
			isa = PBXGroup;
			children = (
				DB9BE1572378700000DCBAAB /* BaseView.swift */,
			);
			path = BaseView;
			sourceTree = "<group>";
		};
		DB9BE1592378706700DCBAAB /* HeaderView */ = {
			isa = PBXGroup;
			children = (
				DB9BE15A2378708000DCBAAB /* HeaderView.swift */,
				DB9BE15C2378708A00DCBAAB /* HeaderView.xib */,
			);
			path = HeaderView;
			sourceTree = "<group>";
		};
		E041284CC30BE91C44027E9C /* Frameworks */ = {
			isa = PBXGroup;
			children = (
				8489C77B23790AF70001E56E /* AssetsLibrary.framework */,
				8489C77923790AE10001E56E /* GLKit.framework */,
				2DC07B821B01A997099F91E7 /* Pods_System.framework */,
			);
			name = Frameworks;
			sourceTree = "<group>";
		};
/* End PBXGroup section */

/* Begin PBXNativeTarget section */
		DB9BE08B2378636000DCBAAB /* System */ = {
			isa = PBXNativeTarget;
			buildConfigurationList = DB9BE0A02378636200DCBAAB /* Build configuration list for PBXNativeTarget "System" */;
			buildPhases = (
				82344C9BAEF90F8B3E2AC909 /* [CP] Check Pods Manifest.lock */,
				DB9BE0882378636000DCBAAB /* Sources */,
				DB9BE0892378636000DCBAAB /* Frameworks */,
				DB9BE08A2378636000DCBAAB /* Resources */,
				B10FB31DCB43BBC2FB3BA843 /* [CP] Embed Pods Frameworks */,
			);
			buildRules = (
			);
			dependencies = (
			);
			name = System;
			productName = System;
			productReference = DB9BE08C2378636000DCBAAB /* System.app */;
			productType = "com.apple.product-type.application";
		};
/* End PBXNativeTarget section */

/* Begin PBXProject section */
		DB9BE0842378636000DCBAAB /* Project object */ = {
			isa = PBXProject;
			attributes = {
				LastSwiftUpdateCheck = 1100;
				LastUpgradeCheck = 1100;
				ORGANIZATIONNAME = "nxsang063@gmail.com";
				TargetAttributes = {
					DB9BE08B2378636000DCBAAB = {
						CreatedOnToolsVersion = 11.0;
					};
				};
			};
			buildConfigurationList = DB9BE0872378636000DCBAAB /* Build configuration list for PBXProject "System" */;
			compatibilityVersion = "Xcode 9.3";
			developmentRegion = en;
			hasScannedForEncodings = 0;
			knownRegions = (
				en,
				Base,
			);
			mainGroup = DB9BE0832378636000DCBAAB;
			productRefGroup = DB9BE08D2378636000DCBAAB /* Products */;
			projectDirPath = "";
			projectRoot = "";
			targets = (
				DB9BE08B2378636000DCBAAB /* System */,
			);
		};
/* End PBXProject section */

/* Begin PBXResourcesBuildPhase section */
		DB9BE08A2378636000DCBAAB /* Resources */ = {
			isa = PBXResourcesBuildPhase;
			buildActionMask = 2147483647;
			files = (
				DB9BE09C2378636100DCBAAB /* LaunchScreen.storyboard in Resources */,
				84DB41D12378FCE100841468 /* HockeySDKResources.bundle in Resources */,
				DB9BE0992378636100DCBAAB /* Assets.xcassets in Resources */,
				84DB41CE2378FCE100841468 /* LICENSE in Resources */,
				DB9BE13F23786C3D00DCBAAB /* MemoryViewController.xib in Resources */,
				84ED17C5237921DB0061858B /* MemoryTableViewCell.xib in Resources */,
				DB9BE15D2378708A00DCBAAB /* HeaderView.xib in Resources */,
				84DB40BF2378F67C00841468 /* PieCollectionViewCell.xib in Resources */,
				84DB40C42378F8DB00841468 /* CPUCollectionViewCell.xib in Resources */,
				DB9BE15223786C9900DCBAAB /* GeneralViewController.xib in Resources */,
				DB9BE14E23786C8A00DCBAAB /* NetworkViewController.xib in Resources */,
				84DB41CF2378FCE100841468 /* CHANGELOG in Resources */,
				84DB41F72379004500841468 /* GeneralCollectionViewCell.xib in Resources */,
				8489C731237902420001E56E /* GeneralTableViewCell.xib in Resources */,
				84DB41E52378FCE100841468 /* GLBubbleEffect.fsh in Resources */,
				DB9BE13A23786C2600DCBAAB /* BatteryViewController.xib in Resources */,
				84ED17BF237918A90061858B /* BatteryTableViewCell.xib in Resources */,
				DB9BE14923786C7200DCBAAB /* CPUViewController.xib in Resources */,
				84DB41E42378FCE100841468 /* GLBubbleEffect.vsh in Resources */,
				DB9BE1342378660400DCBAAB /* HomeViewController.xib in Resources */,
				84DB41D22378FCE100841468 /* HockeySDK.xcconfig in Resources */,
				DB9BE14423786C5900DCBAAB /* DiskViewController.xib in Resources */,
				84DB41D02378FCE100841468 /* de.bitstadium.HockeySDK-iOS-3.5.0.docset in Resources */,
			);
			runOnlyForDeploymentPostprocessing = 0;
		};
/* End PBXResourcesBuildPhase section */

/* Begin PBXShellScriptBuildPhase section */
		82344C9BAEF90F8B3E2AC909 /* [CP] Check Pods Manifest.lock */ = {
			isa = PBXShellScriptBuildPhase;
			buildActionMask = 2147483647;
			files = (
			);
			inputFileListPaths = (
			);
			inputPaths = (
				"${PODS_PODFILE_DIR_PATH}/Podfile.lock",
				"${PODS_ROOT}/Manifest.lock",
			);
			name = "[CP] Check Pods Manifest.lock";
			outputFileListPaths = (
			);
			outputPaths = (
				"$(DERIVED_FILE_DIR)/Pods-System-checkManifestLockResult.txt",
			);
			runOnlyForDeploymentPostprocessing = 0;
			shellPath = /bin/sh;
			shellScript = "diff \"${PODS_PODFILE_DIR_PATH}/Podfile.lock\" \"${PODS_ROOT}/Manifest.lock\" > /dev/null\nif [ $? != 0 ] ; then\n    # print error to STDERR\n    echo \"error: The sandbox is not in sync with the Podfile.lock. Run 'pod install' or update your CocoaPods installation.\" >&2\n    exit 1\nfi\n# This output is used by Xcode 'outputs' to avoid re-running this script phase.\necho \"SUCCESS\" > \"${SCRIPT_OUTPUT_FILE_0}\"\n";
			showEnvVarsInLog = 0;
		};
		B10FB31DCB43BBC2FB3BA843 /* [CP] Embed Pods Frameworks */ = {
			isa = PBXShellScriptBuildPhase;
			buildActionMask = 2147483647;
			files = (
			);
			inputFileListPaths = (
				"${PODS_ROOT}/Target Support Files/Pods-System/Pods-System-frameworks-${CONFIGURATION}-input-files.xcfilelist",
			);
			name = "[CP] Embed Pods Frameworks";
			outputFileListPaths = (
				"${PODS_ROOT}/Target Support Files/Pods-System/Pods-System-frameworks-${CONFIGURATION}-output-files.xcfilelist",
			);
			runOnlyForDeploymentPostprocessing = 0;
			shellPath = /bin/sh;
			shellScript = "\"${PODS_ROOT}/Target Support Files/Pods-System/Pods-System-frameworks.sh\"\n";
			showEnvVarsInLog = 0;
		};
/* End PBXShellScriptBuildPhase section */

/* Begin PBXSourcesBuildPhase section */
		DB9BE0882378636000DCBAAB /* Sources */ = {
			isa = PBXSourcesBuildPhase;
			buildActionMask = 2147483647;
			files = (
				84DB41D42378FCE100841468 /* CPULoad.m in Sources */,
				DB9BE14323786C5900DCBAAB /* DiskViewController.swift in Sources */,
				84DB41E82378FCE100841468 /* AMUtils.m in Sources */,
				84DB41E02378FCE100841468 /* GLDataLine.m in Sources */,
				84DB40B92378F50700841468 /* UIView+Extension.swift in Sources */,
				84DB41E62378FCE100841468 /* GLBubbleEffect.m in Sources */,
				84DB41EF2378FCE100841468 /* RAMUsage.m in Sources */,
				84ED17C4237921DB0061858B /* MemoryTableViewCell.swift in Sources */,
				84DB41CB2378FCE100841468 /* DeviceSpecificUI.m in Sources */,
				DB9BE1332378660400DCBAAB /* HomeViewController.swift in Sources */,
				84DB41D52378FCE100841468 /* CPUInfoController.m in Sources */,
				84DB41E22378FCE100841468 /* GLEffect.m in Sources */,
				84DB41D72378FCE100841468 /* CPUInfo.m in Sources */,
				84DB40BE2378F67C00841468 /* PieCollectionViewCell.swift in Sources */,
				DB9BE15123786C9900DCBAAB /* GeneralViewController.swift in Sources */,
				84DB41ED2378FCE100841468 /* BatteryInfoController.m in Sources */,
				84DB41E32378FCE100841468 /* GLCommon.m in Sources */,
				84DB41D82378FCE100841468 /* ActiveConnection.m in Sources */,
				DB9BE13923786C2600DCBAAB /* BatteryViewController.swift in Sources */,
				DB9BE15B2378708000DCBAAB /* HeaderView.swift in Sources */,
				84DB41F02378FCE100841468 /* RAMInfoController.m in Sources */,
				84DB41CC2378FCE100841468 /* GPUInfo.m in Sources */,
				84DB40C32378F8DB00841468 /* CPUCollectionViewCell.swift in Sources */,
				84DB41D62378FCE100841468 /* CPULoadFilter.m in Sources */,
				84DB41EE2378FCE100841468 /* RAMInfo.m in Sources */,
				84DB41DF2378FCE100841468 /* StorageInfoController.m in Sources */,
				84DB41DB2378FCE100841468 /* NetworkBandwidth.m in Sources */,
				84DB41CA2378FCE100841468 /* HardcodedDeviceData.m in Sources */,
				84ED17BE237918A90061858B /* BatteryTableViewCell.swift in Sources */,
				84DB41DA2378FCE100841468 /* NetworkInfo.m in Sources */,
				84DB41DE2378FCE100841468 /* StorageInfo.m in Sources */,
				84DB41E12378FCE100841468 /* GLLineGraph.m in Sources */,
				DB9BE15F2378747700DCBAAB /* BaseViewController.swift in Sources */,
				84DB41F62379004500841468 /* GeneralCollectionViewCell.swift in Sources */,
				84DB41EB2378FCE100841468 /* AMLogger.m in Sources */,
				84DB41EA2378FCE100841468 /* DeviceInfo.m in Sources */,
				8489C730237902420001E56E /* GeneralTableViewCell.swift in Sources */,
				8489C7382379047B0001E56E /* Constant.swift in Sources */,
				84DB41F22378FCE100841468 /* ProcessInfoController.m in Sources */,
				84DB41E72378FCE100841468 /* GLTube.m in Sources */,
				84DB41DC2378FCE100841468 /* SystemMonitor.m in Sources */,
				DB9BE0902378636000DCBAAB /* AppDelegate.swift in Sources */,
				DB9BE14D23786C8A00DCBAAB /* NetworkViewController.swift in Sources */,
				84DB41E92378FCE100841468 /* DeviceInfoController.m in Sources */,
				84DB41EC2378FCE100841468 /* BatteryInfo.m in Sources */,
				84DB41F12378FCE100841468 /* ProcessInfo.m in Sources */,
				DB9BE13E23786C3D00DCBAAB /* MemoryViewController.swift in Sources */,
				84DB41D92378FCE100841468 /* NetworkInfoController.m in Sources */,
				DB9BE14823786C7200DCBAAB /* CPUViewController.swift in Sources */,
				DB9BE1582378700000DCBAAB /* BaseView.swift in Sources */,
				8489C735237903CA0001E56E /* UITable+Extension.swift in Sources */,
				84DB41CD2378FCE100841468 /* GPUInfoController.m in Sources */,
			);
			runOnlyForDeploymentPostprocessing = 0;
		};
/* End PBXSourcesBuildPhase section */

/* Begin PBXVariantGroup section */
		DB9BE09A2378636100DCBAAB /* LaunchScreen.storyboard */ = {
			isa = PBXVariantGroup;
			children = (
				DB9BE09B2378636100DCBAAB /* Base */,
			);
			name = LaunchScreen.storyboard;
			sourceTree = "<group>";
		};
/* End PBXVariantGroup section */

/* Begin XCBuildConfiguration section */
		DB9BE09E2378636200DCBAAB /* Debug */ = {
			isa = XCBuildConfiguration;
			buildSettings = {
				ALWAYS_SEARCH_USER_PATHS = NO;
				CLANG_ANALYZER_NONNULL = YES;
				CLANG_ANALYZER_NUMBER_OBJECT_CONVERSION = YES_AGGRESSIVE;
				CLANG_CXX_LANGUAGE_STANDARD = "gnu++14";
				CLANG_CXX_LIBRARY = "libc++";
				CLANG_ENABLE_MODULES = YES;
				CLANG_ENABLE_OBJC_ARC = YES;
				CLANG_ENABLE_OBJC_WEAK = YES;
				CLANG_WARN_BLOCK_CAPTURE_AUTORELEASING = YES;
				CLANG_WARN_BOOL_CONVERSION = YES;
				CLANG_WARN_COMMA = YES;
				CLANG_WARN_CONSTANT_CONVERSION = YES;
				CLANG_WARN_DEPRECATED_OBJC_IMPLEMENTATIONS = YES;
				CLANG_WARN_DIRECT_OBJC_ISA_USAGE = YES_ERROR;
				CLANG_WARN_DOCUMENTATION_COMMENTS = YES;
				CLANG_WARN_EMPTY_BODY = YES;
				CLANG_WARN_ENUM_CONVERSION = YES;
				CLANG_WARN_INFINITE_RECURSION = YES;
				CLANG_WARN_INT_CONVERSION = YES;
				CLANG_WARN_NON_LITERAL_NULL_CONVERSION = YES;
				CLANG_WARN_OBJC_IMPLICIT_RETAIN_SELF = YES;
				CLANG_WARN_OBJC_LITERAL_CONVERSION = YES;
				CLANG_WARN_OBJC_ROOT_CLASS = YES_ERROR;
				CLANG_WARN_RANGE_LOOP_ANALYSIS = YES;
				CLANG_WARN_STRICT_PROTOTYPES = YES;
				CLANG_WARN_SUSPICIOUS_MOVE = YES;
				CLANG_WARN_UNGUARDED_AVAILABILITY = YES_AGGRESSIVE;
				CLANG_WARN_UNREACHABLE_CODE = YES;
				CLANG_WARN__DUPLICATE_METHOD_MATCH = YES;
				COPY_PHASE_STRIP = NO;
				DEBUG_INFORMATION_FORMAT = dwarf;
				ENABLE_STRICT_OBJC_MSGSEND = YES;
				ENABLE_TESTABILITY = YES;
				GCC_C_LANGUAGE_STANDARD = gnu11;
				GCC_DYNAMIC_NO_PIC = NO;
				GCC_NO_COMMON_BLOCKS = YES;
				GCC_OPTIMIZATION_LEVEL = 0;
				GCC_PREPROCESSOR_DEFINITIONS = (
					"DEBUG=1",
					"$(inherited)",
				);
				GCC_WARN_64_TO_32_BIT_CONVERSION = YES;
				GCC_WARN_ABOUT_RETURN_TYPE = YES_ERROR;
				GCC_WARN_UNDECLARED_SELECTOR = YES;
				GCC_WARN_UNINITIALIZED_AUTOS = YES_AGGRESSIVE;
				GCC_WARN_UNUSED_FUNCTION = YES;
				GCC_WARN_UNUSED_VARIABLE = YES;
				IPHONEOS_DEPLOYMENT_TARGET = 13.0;
				MTL_ENABLE_DEBUG_INFO = INCLUDE_SOURCE;
				MTL_FAST_MATH = YES;
				ONLY_ACTIVE_ARCH = YES;
				SDKROOT = iphoneos;
				SWIFT_ACTIVE_COMPILATION_CONDITIONS = DEBUG;
				SWIFT_OPTIMIZATION_LEVEL = "-Onone";
			};
			name = Debug;
		};
		DB9BE09F2378636200DCBAAB /* Release */ = {
			isa = XCBuildConfiguration;
			buildSettings = {
				ALWAYS_SEARCH_USER_PATHS = NO;
				CLANG_ANALYZER_NONNULL = YES;
				CLANG_ANALYZER_NUMBER_OBJECT_CONVERSION = YES_AGGRESSIVE;
				CLANG_CXX_LANGUAGE_STANDARD = "gnu++14";
				CLANG_CXX_LIBRARY = "libc++";
				CLANG_ENABLE_MODULES = YES;
				CLANG_ENABLE_OBJC_ARC = YES;
				CLANG_ENABLE_OBJC_WEAK = YES;
				CLANG_WARN_BLOCK_CAPTURE_AUTORELEASING = YES;
				CLANG_WARN_BOOL_CONVERSION = YES;
				CLANG_WARN_COMMA = YES;
				CLANG_WARN_CONSTANT_CONVERSION = YES;
				CLANG_WARN_DEPRECATED_OBJC_IMPLEMENTATIONS = YES;
				CLANG_WARN_DIRECT_OBJC_ISA_USAGE = YES_ERROR;
				CLANG_WARN_DOCUMENTATION_COMMENTS = YES;
				CLANG_WARN_EMPTY_BODY = YES;
				CLANG_WARN_ENUM_CONVERSION = YES;
				CLANG_WARN_INFINITE_RECURSION = YES;
				CLANG_WARN_INT_CONVERSION = YES;
				CLANG_WARN_NON_LITERAL_NULL_CONVERSION = YES;
				CLANG_WARN_OBJC_IMPLICIT_RETAIN_SELF = YES;
				CLANG_WARN_OBJC_LITERAL_CONVERSION = YES;
				CLANG_WARN_OBJC_ROOT_CLASS = YES_ERROR;
				CLANG_WARN_RANGE_LOOP_ANALYSIS = YES;
				CLANG_WARN_STRICT_PROTOTYPES = YES;
				CLANG_WARN_SUSPICIOUS_MOVE = YES;
				CLANG_WARN_UNGUARDED_AVAILABILITY = YES_AGGRESSIVE;
				CLANG_WARN_UNREACHABLE_CODE = YES;
				CLANG_WARN__DUPLICATE_METHOD_MATCH = YES;
				COPY_PHASE_STRIP = NO;
				DEBUG_INFORMATION_FORMAT = "dwarf-with-dsym";
				ENABLE_NS_ASSERTIONS = NO;
				ENABLE_STRICT_OBJC_MSGSEND = YES;
				GCC_C_LANGUAGE_STANDARD = gnu11;
				GCC_NO_COMMON_BLOCKS = YES;
				GCC_WARN_64_TO_32_BIT_CONVERSION = YES;
				GCC_WARN_ABOUT_RETURN_TYPE = YES_ERROR;
				GCC_WARN_UNDECLARED_SELECTOR = YES;
				GCC_WARN_UNINITIALIZED_AUTOS = YES_AGGRESSIVE;
				GCC_WARN_UNUSED_FUNCTION = YES;
				GCC_WARN_UNUSED_VARIABLE = YES;
				IPHONEOS_DEPLOYMENT_TARGET = 13.0;
				MTL_ENABLE_DEBUG_INFO = NO;
				MTL_FAST_MATH = YES;
				SDKROOT = iphoneos;
				SWIFT_COMPILATION_MODE = wholemodule;
				SWIFT_OPTIMIZATION_LEVEL = "-O";
				VALIDATE_PRODUCT = YES;
			};
			name = Release;
		};
		DB9BE0A12378636200DCBAAB /* Debug */ = {
			isa = XCBuildConfiguration;
			baseConfigurationReference = AD91E4B71392B17B67D8DAA2 /* Pods-System.debug.xcconfig */;
			buildSettings = {
				ASSETCATALOG_COMPILER_APPICON_NAME = AppIcon;
				CODE_SIGN_STYLE = Automatic;
				DEVELOPMENT_TEAM = DGFP28D4W6;
				ENABLE_BITCODE = NO;
				FRAMEWORK_SEARCH_PATHS = (
					"$(inherited)",
					"$(PROJECT_DIR)/System/SystemMonitor/HockeySDK/HockeySDK.embeddedframework",
					"$(PROJECT_DIR)$(SYSTEM_LIBRARY_DIR)/SystemMonitor/HockeySDK/HockeySDK.embeddedframework",
				);
				GCC_PREPROCESSOR_DEFINITIONS = (
					"$(inherited)",
					"GLES_SILENCE_DEPRECATION=1",
					"COCOAPODS=1",
				);
				INFOPLIST_FILE = System/Info.plist;
				IPHONEOS_DEPLOYMENT_TARGET = 11.0;
				LD_RUNPATH_SEARCH_PATHS = (
					"$(inherited)",
					"@executable_path/Frameworks",
				);
				LIBRARY_SEARCH_PATHS = (
					"$(inherited)",
					"$(PROJECT_DIR)/System/SystemMonitor/Lumberjack",
					"$(PROJECT_DIR)$(SYSTEM_LIBRARY_DIR)/SystemMonitor/Lumberjack",
				);
				PRODUCT_BUNDLE_IDENTIFIER = SangNX.System;
				PRODUCT_NAME = "$(TARGET_NAME)";
				SWIFT_OBJC_BRIDGING_HEADER = System/Header.h;
				SWIFT_VERSION = 5.0;
				TARGETED_DEVICE_FAMILY = "1,2";
			};
			name = Debug;
		};
		DB9BE0A22378636200DCBAAB /* Release */ = {
			isa = XCBuildConfiguration;
			baseConfigurationReference = 7E7B5DCBD2DEB8D6359D62FE /* Pods-System.release.xcconfig */;
			buildSettings = {
				ASSETCATALOG_COMPILER_APPICON_NAME = AppIcon;
				CODE_SIGN_STYLE = Automatic;
				DEVELOPMENT_TEAM = DGFP28D4W6;
				FRAMEWORK_SEARCH_PATHS = (
					"$(inherited)",
					"$(PROJECT_DIR)/System/SystemMonitor/HockeySDK/HockeySDK.embeddedframework",
					"$(PROJECT_DIR)$(SYSTEM_LIBRARY_DIR)/SystemMonitor/HockeySDK/HockeySDK.embeddedframework",
				);
				GCC_PREPROCESSOR_DEFINITIONS = (
					"$(inherited)",
					"GLES_SILENCE_DEPRECATION=1",
					"COCOAPODS=1",
				);
				INFOPLIST_FILE = System/Info.plist;
				IPHONEOS_DEPLOYMENT_TARGET = 11.0;
				LD_RUNPATH_SEARCH_PATHS = (
					"$(inherited)",
					"@executable_path/Frameworks",
				);
				LIBRARY_SEARCH_PATHS = (
					"$(inherited)",
					"$(PROJECT_DIR)/System/SystemMonitor/Lumberjack",
					"$(PROJECT_DIR)$(SYSTEM_LIBRARY_DIR)/SystemMonitor/Lumberjack",
				);
				PRODUCT_BUNDLE_IDENTIFIER = SangNX.System;
				PRODUCT_NAME = "$(TARGET_NAME)";
				SWIFT_OBJC_BRIDGING_HEADER = System/Header.h;
				SWIFT_VERSION = 5.0;
				TARGETED_DEVICE_FAMILY = "1,2";
			};
			name = Release;
		};
/* End XCBuildConfiguration section */

/* Begin XCConfigurationList section */
		DB9BE0872378636000DCBAAB /* Build configuration list for PBXProject "System" */ = {
			isa = XCConfigurationList;
			buildConfigurations = (
				DB9BE09E2378636200DCBAAB /* Debug */,
				DB9BE09F2378636200DCBAAB /* Release */,
			);
			defaultConfigurationIsVisible = 0;
			defaultConfigurationName = Release;
		};
		DB9BE0A02378636200DCBAAB /* Build configuration list for PBXNativeTarget "System" */ = {
			isa = XCConfigurationList;
			buildConfigurations = (
				DB9BE0A12378636200DCBAAB /* Debug */,
				DB9BE0A22378636200DCBAAB /* Release */,
			);
			defaultConfigurationIsVisible = 0;
			defaultConfigurationName = Release;
		};
/* End XCConfigurationList section */
	};
	rootObject = DB9BE0842378636000DCBAAB /* Project object */;
}
